
Microsoft Visual Studio Solution File, Format Version 12.00
# Visual Studio 15
VisualStudioVersion = 15.0.27130.2027
MinimumVisualStudioVersion = 10.0.40219.1
Project("{9A19103F-16F7-4668-BE54-9A1E7A4F7556}") = "PCM.Configuration.Extentions.StackOutputs", "src\PCM.Configuration.StackOutputs.Extentions\PCM.Configuration.Extentions.StackOutputs.csproj", "{E12D8819-350A-4AB8-8464-E28BF0255DEE}"
EndProject
Project("{FAE04EC0-301F-11D3-BF4B-00C04F79EFBC}") = "PCM.Configuration.StackOutputs.Sample.NetCore", "PCM.Configuration.StackOutputs.Sample.NetCore\PCM.Configuration.StackOutputs.Sample.NetCore.csproj", "{9078E413-876D-4AE9-BE45-39A87224624B}"
EndProject
Global
	GlobalSection(SolutionConfigurationPlatforms) = preSolution
		Debug|Any CPU = Debug|Any CPU
		Release|Any CPU = Release|Any CPU
	EndGlobalSection
	GlobalSection(ProjectConfigurationPlatforms) = postSolution
		{E12D8819-350A-4AB8-8464-E28BF0255DEE}.Debug|Any CPU.ActiveCfg = Debug|Any CPU
		{E12D8819-350A-4AB8-8464-E28BF0255DEE}.Debug|Any CPU.Build.0 = Debug|Any CPU
		{E12D8819-350A-4AB8-8464-E28BF0255DEE}.Release|Any CPU.ActiveCfg = Release|Any CPU
		{E12D8819-350A-4AB8-8464-E28BF0255DEE}.Release|Any CPU.Build.0 = Release|Any CPU
		{9078E413-876D-4AE9-BE45-39A87224624B}.Debug|Any CPU.ActiveCfg = Debug|Any CPU
		{9078E413-876D-4AE9-BE45-39A87224624B}.Debug|Any CPU.Build.0 = Debug|Any CPU
		{9078E413-876D-4AE9-BE45-39A87224624B}.Release|Any CPU.ActiveCfg = Release|Any CPU
		{9078E413-876D-4AE9-BE45-39A87224624B}.Release|Any CPU.Build.0 = Release|Any CPU
	EndGlobalSection
	GlobalSection(SolutionProperties) = preSolution
		HideSolutionNode = FALSE
	EndGlobalSection
	GlobalSection(ExtensibilityGlobals) = postSolution
		SolutionGuid = {6FC6FF09-A34E-45A3-BF07-471D95939E91}
	EndGlobalSection
EndGlobal
